
Microsoft Visual Studio Solution File, Format Version 12.00
# Visual Studio Version 16
VisualStudioVersion = 16.0.31605.320
MinimumVisualStudioVersion = 10.0.40219.1
Project("{9A19103F-16F7-4668-BE54-9A1E7A4F7556}") = "STW_demo_ODATA", "STW_demo_ODATA.csproj", "{8A6B7985-55F5-4A2B-99D6-AF4C974278C0}"
EndProject
Global
	GlobalSection(SolutionConfigurationPlatforms) = preSolution
		Debug|Any CPU = Debug|Any CPU
		Release|Any CPU = Release|Any CPU
	EndGlobalSection
	GlobalSection(ProjectConfigurationPlatforms) = postSolution
		{8A6B7985-55F5-4A2B-99D6-AF4C974278C0}.Debug|Any CPU.ActiveCfg = Debug|Any CPU
		{8A6B7985-55F5-4A2B-99D6-AF4C974278C0}.Debug|Any CPU.Build.0 = Debug|Any CPU
		{8A6B7985-55F5-4A2B-99D6-AF4C974278C0}.Release|Any CPU.ActiveCfg = Release|Any CPU
		{8A6B7985-55F5-4A2B-99D6-AF4C974278C0}.Release|Any CPU.Build.0 = Release|Any CPU
	EndGlobalSection
	GlobalSection(SolutionProperties) = preSolution
		HideSolutionNode = FALSE
	EndGlobalSection
	GlobalSection(ExtensibilityGlobals) = postSolution
		SolutionGuid = {9C44175C-72CD-48FB-895F-43ADAC5ABE6F}
	EndGlobalSection
EndGlobal
